
Microsoft Visual Studio Solution File, Format Version 12.00
# Visual Studio 15
VisualStudioVersion = 15.0.27428.2043
MinimumVisualStudioVersion = 10.0.40219.1
Project("{FAE04EC0-301F-11D3-BF4B-00C04F79EFBC}") = "RomanToNumeric.Service", "RomanToNumeric.Service\RomanToNumeric.Service.csproj", "{E69E3D9F-71A8-4DA8-9501-CC094FF5325E}"
EndProject
Project("{FAE04EC0-301F-11D3-BF4B-00C04F79EFBC}") = "RomanToNumeric.Service.Tests", "RomanToNumeric.Service.Tests\RomanToNumeric.Service.Tests.csproj", "{89ACCAD1-D2DD-483F-8D45-AF3635B50969}"
EndProject
Global
	GlobalSection(SolutionConfigurationPlatforms) = preSolution
		Debug|Any CPU = Debug|Any CPU
		Release|Any CPU = Release|Any CPU
	EndGlobalSection
	GlobalSection(ProjectConfigurationPlatforms) = postSolution
		{E69E3D9F-71A8-4DA8-9501-CC094FF5325E}.Debug|Any CPU.ActiveCfg = Debug|Any CPU
		{E69E3D9F-71A8-4DA8-9501-CC094FF5325E}.Debug|Any CPU.Build.0 = Debug|Any CPU
		{E69E3D9F-71A8-4DA8-9501-CC094FF5325E}.Release|Any CPU.ActiveCfg = Release|Any CPU
		{E69E3D9F-71A8-4DA8-9501-CC094FF5325E}.Release|Any CPU.Build.0 = Release|Any CPU
		{89ACCAD1-D2DD-483F-8D45-AF3635B50969}.Debug|Any CPU.ActiveCfg = Debug|Any CPU
		{89ACCAD1-D2DD-483F-8D45-AF3635B50969}.Debug|Any CPU.Build.0 = Debug|Any CPU
		{89ACCAD1-D2DD-483F-8D45-AF3635B50969}.Release|Any CPU.ActiveCfg = Release|Any CPU
		{89ACCAD1-D2DD-483F-8D45-AF3635B50969}.Release|Any CPU.Build.0 = Release|Any CPU
	EndGlobalSection
	GlobalSection(SolutionProperties) = preSolution
		HideSolutionNode = FALSE
	EndGlobalSection
	GlobalSection(ExtensibilityGlobals) = postSolution
		SolutionGuid = {ECDDA059-3FDE-4022-AE17-DFB19ADB3C53}
	EndGlobalSection
EndGlobal
